
Microsoft Visual Studio Solution File, Format Version 12.00
# Visual Studio 15
VisualStudioVersion = 15.0.26403.7
MinimumVisualStudioVersion = 10.0.40219.1
Project("{FAE04EC0-301F-11D3-BF4B-00C04F79EFBC}") = "Carnac", "Carnac\Carnac.csproj", "{3D54543F-9FF2-4298-A621-0C66A36412CD}"
EndProject
Project("{FAE04EC0-301F-11D3-BF4B-00C04F79EFBC}") = "Carnac.Tests", "Carnac.Tests\Carnac.Tests.csproj", "{820B7770-FCD1-4987-A88C-E5DAE74F4AD6}"
EndProject
Project("{FAE04EC0-301F-11D3-BF4B-00C04F79EFBC}") = "Carnac.Logic", "Carnac.Logic\Carnac.Logic.csproj", "{614470A0-432C-46EB-B0EB-DE0A9062FC22}"
EndProject
Project("{2150E333-8FDC-42A3-9474-1A3956D46DE8}") = ".nuget", ".nuget", "{8A90581C-CDD7-4F29-9325-1AACC5D11EE9}"
	ProjectSection(SolutionItems) = preProject
		.nuget\NuGet.exe = .nuget\NuGet.exe
	EndProjectSection
EndProject
Project("{FAE04EC0-301F-11D3-BF4B-00C04F79EFBC}") = "KeyStreamCapture", "KeyStreamCapture\KeyStreamCapture.csproj", "{DD585B10-CB02-49B6-9E37-42E5C605C192}"
EndProject
Project("{2150E333-8FDC-42A3-9474-1A3956D46DE8}") = "Solution Items", "Solution Items", "{D23D1BAB-8B80-4B73-893C-F669039FC44D}"
	ProjectSection(SolutionItems) = preProject
		..\build.cake = ..\build.cake
		..\build.ps1 = ..\build.ps1
		..\README.md = ..\README.md
	EndProjectSection
EndProject
Global
	GlobalSection(SolutionConfigurationPlatforms) = preSolution
		Debug|Any CPU = Debug|Any CPU
		Release|Any CPU = Release|Any CPU
	EndGlobalSection
	GlobalSection(ProjectConfigurationPlatforms) = postSolution
		{3D54543F-9FF2-4298-A621-0C66A36412CD}.Debug|Any CPU.ActiveCfg = Debug|Any CPU
		{3D54543F-9FF2-4298-A621-0C66A36412CD}.Debug|Any CPU.Build.0 = Debug|Any CPU
		{3D54543F-9FF2-4298-A621-0C66A36412CD}.Release|Any CPU.ActiveCfg = Release|Any CPU
		{3D54543F-9FF2-4298-A621-0C66A36412CD}.Release|Any CPU.Build.0 = Release|Any CPU
		{820B7770-FCD1-4987-A88C-E5DAE74F4AD6}.Debug|Any CPU.ActiveCfg = Debug|Any CPU
		{820B7770-FCD1-4987-A88C-E5DAE74F4AD6}.Debug|Any CPU.Build.0 = Debug|Any CPU
		{820B7770-FCD1-4987-A88C-E5DAE74F4AD6}.Release|Any CPU.ActiveCfg = Release|Any CPU
		{820B7770-FCD1-4987-A88C-E5DAE74F4AD6}.Release|Any CPU.Build.0 = Release|Any CPU
		{614470A0-432C-46EB-B0EB-DE0A9062FC22}.Debug|Any CPU.ActiveCfg = Debug|Any CPU
		{614470A0-432C-46EB-B0EB-DE0A9062FC22}.Debug|Any CPU.Build.0 = Debug|Any CPU
		{614470A0-432C-46EB-B0EB-DE0A9062FC22}.Release|Any CPU.ActiveCfg = Release|Any CPU
		{614470A0-432C-46EB-B0EB-DE0A9062FC22}.Release|Any CPU.Build.0 = Release|Any CPU
		{DD585B10-CB02-49B6-9E37-42E5C605C192}.Debug|Any CPU.ActiveCfg = Debug|Any CPU
		{DD585B10-CB02-49B6-9E37-42E5C605C192}.Debug|Any CPU.Build.0 = Debug|Any CPU
		{DD585B10-CB02-49B6-9E37-42E5C605C192}.Release|Any CPU.ActiveCfg = Release|Any CPU
		{DD585B10-CB02-49B6-9E37-42E5C605C192}.Release|Any CPU.Build.0 = Release|Any CPU
	EndGlobalSection
	GlobalSection(SolutionProperties) = preSolution
		HideSolutionNode = FALSE
	EndGlobalSection
EndGlobal
